
Microsoft Visual Studio Solution File, Format Version 12.00
# Visual Studio Version 17
VisualStudioVersion = 17.2.32616.157
MinimumVisualStudioVersion = 10.0.40219.1
Project("{FAE04EC0-301F-11D3-BF4B-00C04F79EFBC}") = "ConsoleAppGitTutorial", "ConsoleAppGitTutorial\ConsoleAppGitTutorial.csproj", "{AD61CFB4-25B0-4B01-BEDC-0DAA0337909F}"
EndProject
Global
	GlobalSection(SolutionConfigurationPlatforms) = preSolution
		Debug|Any CPU = Debug|Any CPU
		Release|Any CPU = Release|Any CPU
	EndGlobalSection
	GlobalSection(ProjectConfigurationPlatforms) = postSolution
		{AD61CFB4-25B0-4B01-BEDC-0DAA0337909F}.Debug|Any CPU.ActiveCfg = Debug|Any CPU
		{AD61CFB4-25B0-4B01-BEDC-0DAA0337909F}.Debug|Any CPU.Build.0 = Debug|Any CPU
		{AD61CFB4-25B0-4B01-BEDC-0DAA0337909F}.Release|Any CPU.ActiveCfg = Release|Any CPU
		{AD61CFB4-25B0-4B01-BEDC-0DAA0337909F}.Release|Any CPU.Build.0 = Release|Any CPU
	EndGlobalSection
	GlobalSection(SolutionProperties) = preSolution
		HideSolutionNode = FALSE
	EndGlobalSection
	GlobalSection(ExtensibilityGlobals) = postSolution
		SolutionGuid = {8F336D90-F47D-4DFD-B27E-BDFEC2E8C796}
	EndGlobalSection
EndGlobal
